
Microsoft Visual Studio Solution File, Format Version 12.00
# Visual Studio Version 17
VisualStudioVersion = 17.5.002.0
MinimumVisualStudioVersion = 10.0.40219.1
Project("{9A19103F-16F7-4668-BE54-9A1E7A4F7556}") = "GalacticAnnouncementsApi", "GalacticAnnouncementsApi.csproj", "{72BA9EFA-A8DD-4D0C-8470-DAB864A8E126}"
EndProject
Global
	GlobalSection(SolutionConfigurationPlatforms) = preSolution
		Debug|Any CPU = Debug|Any CPU
		Release|Any CPU = Release|Any CPU
	EndGlobalSection
	GlobalSection(ProjectConfigurationPlatforms) = postSolution
		{72BA9EFA-A8DD-4D0C-8470-DAB864A8E126}.Debug|Any CPU.ActiveCfg = Debug|Any CPU
		{72BA9EFA-A8DD-4D0C-8470-DAB864A8E126}.Debug|Any CPU.Build.0 = Debug|Any CPU
		{72BA9EFA-A8DD-4D0C-8470-DAB864A8E126}.Release|Any CPU.ActiveCfg = Release|Any CPU
		{72BA9EFA-A8DD-4D0C-8470-DAB864A8E126}.Release|Any CPU.Build.0 = Release|Any CPU
	EndGlobalSection
	GlobalSection(SolutionProperties) = preSolution
		HideSolutionNode = FALSE
	EndGlobalSection
	GlobalSection(ExtensibilityGlobals) = postSolution
		SolutionGuid = {A934562A-90F5-4C95-997F-72BF94E9860A}
	EndGlobalSection
EndGlobal
